
Microsoft Visual Studio Solution File, Format Version 12.00
# Visual Studio 15
VisualStudioVersion = 15.0.27130.2027
MinimumVisualStudioVersion = 10.0.40219.1
Project("{9A19103F-16F7-4668-BE54-9A1E7A4F7556}") = "Example1.ClassLibrary", "src\Example1.ClassLibrary\Example1.ClassLibrary.csproj", "{D8EC2D49-7041-466A-B737-703BCCA6D27C}"
EndProject
Project("{9A19103F-16F7-4668-BE54-9A1E7A4F7556}") = "Example2.CrossCompileClassLib", "src\Example2.CrossCompileClassLib\Example2.CrossCompileClassLib.csproj", "{1EA01DE5-DE33-4D02-AD52-9C8E9B82BAE0}"
EndProject
Project("{9A19103F-16F7-4668-BE54-9A1E7A4F7556}") = "Example3.ProjectReferences", "src\Example3.ProjectReferences\Example3.ProjectReferences.csproj", "{8C593954-B408-44FF-AB2F-96B535DD06D7}"
EndProject
Project("{9A19103F-16F7-4668-BE54-9A1E7A4F7556}") = "Example4.PropsAndTargets", "src\Example4.PropsAndTargets\Example4.PropsAndTargets.csproj", "{7F6E7D46-FF54-4491-AD45-EE6CEF025200}"
EndProject
Project("{2150E333-8FDC-42A3-9474-1A3956D46DE8}") = ".build", ".build", "{4FBD0D70-A1E9-43EB-9ACD-0E549271459C}"
	ProjectSection(SolutionItems) = preProject
		NuGet.config = NuGet.config
	EndProjectSection
EndProject
Project("{9A19103F-16F7-4668-BE54-9A1E7A4F7556}") = "Example5.RestoringFromLocalBuild", "src\Example5.RestoringFromLocalBuild\Example5.RestoringFromLocalBuild.csproj", "{6E9E2FE2-8126-42A2-8234-8D4ECD38E7C8}"
EndProject
Project("{FAE04EC0-301F-11D3-BF4B-00C04F79EFBC}") = "Example6.TricksToDigDeeper", "src\Example6.TricksToDigDeeper\Example6.TricksToDigDeeper.csproj", "{BC4287A1-29E7-49D7-8C3E-8F8DBCA1FAEE}"
EndProject
Global
	GlobalSection(SolutionConfigurationPlatforms) = preSolution
		Debug|Any CPU = Debug|Any CPU
		Release|Any CPU = Release|Any CPU
	EndGlobalSection
	GlobalSection(ProjectConfigurationPlatforms) = postSolution
		{D8EC2D49-7041-466A-B737-703BCCA6D27C}.Debug|Any CPU.ActiveCfg = Debug|Any CPU
		{D8EC2D49-7041-466A-B737-703BCCA6D27C}.Debug|Any CPU.Build.0 = Debug|Any CPU
		{D8EC2D49-7041-466A-B737-703BCCA6D27C}.Release|Any CPU.ActiveCfg = Release|Any CPU
		{D8EC2D49-7041-466A-B737-703BCCA6D27C}.Release|Any CPU.Build.0 = Release|Any CPU
		{1EA01DE5-DE33-4D02-AD52-9C8E9B82BAE0}.Debug|Any CPU.ActiveCfg = Debug|Any CPU
		{1EA01DE5-DE33-4D02-AD52-9C8E9B82BAE0}.Debug|Any CPU.Build.0 = Debug|Any CPU
		{1EA01DE5-DE33-4D02-AD52-9C8E9B82BAE0}.Release|Any CPU.ActiveCfg = Release|Any CPU
		{1EA01DE5-DE33-4D02-AD52-9C8E9B82BAE0}.Release|Any CPU.Build.0 = Release|Any CPU
		{8C593954-B408-44FF-AB2F-96B535DD06D7}.Debug|Any CPU.ActiveCfg = Debug|Any CPU
		{8C593954-B408-44FF-AB2F-96B535DD06D7}.Debug|Any CPU.Build.0 = Debug|Any CPU
		{8C593954-B408-44FF-AB2F-96B535DD06D7}.Release|Any CPU.ActiveCfg = Release|Any CPU
		{8C593954-B408-44FF-AB2F-96B535DD06D7}.Release|Any CPU.Build.0 = Release|Any CPU
		{7F6E7D46-FF54-4491-AD45-EE6CEF025200}.Debug|Any CPU.ActiveCfg = Debug|Any CPU
		{7F6E7D46-FF54-4491-AD45-EE6CEF025200}.Debug|Any CPU.Build.0 = Debug|Any CPU
		{7F6E7D46-FF54-4491-AD45-EE6CEF025200}.Release|Any CPU.ActiveCfg = Release|Any CPU
		{7F6E7D46-FF54-4491-AD45-EE6CEF025200}.Release|Any CPU.Build.0 = Release|Any CPU
		{6E9E2FE2-8126-42A2-8234-8D4ECD38E7C8}.Debug|Any CPU.ActiveCfg = Debug|Any CPU
		{6E9E2FE2-8126-42A2-8234-8D4ECD38E7C8}.Debug|Any CPU.Build.0 = Debug|Any CPU
		{6E9E2FE2-8126-42A2-8234-8D4ECD38E7C8}.Release|Any CPU.ActiveCfg = Release|Any CPU
		{6E9E2FE2-8126-42A2-8234-8D4ECD38E7C8}.Release|Any CPU.Build.0 = Release|Any CPU
		{BC4287A1-29E7-49D7-8C3E-8F8DBCA1FAEE}.Debug|Any CPU.ActiveCfg = Debug|Any CPU
		{BC4287A1-29E7-49D7-8C3E-8F8DBCA1FAEE}.Debug|Any CPU.Build.0 = Debug|Any CPU
		{BC4287A1-29E7-49D7-8C3E-8F8DBCA1FAEE}.Release|Any CPU.ActiveCfg = Release|Any CPU
		{BC4287A1-29E7-49D7-8C3E-8F8DBCA1FAEE}.Release|Any CPU.Build.0 = Release|Any CPU
	EndGlobalSection
	GlobalSection(SolutionProperties) = preSolution
		HideSolutionNode = FALSE
	EndGlobalSection
	GlobalSection(ExtensibilityGlobals) = postSolution
		SolutionGuid = {DD196FF0-AE8B-45D3-95B4-77D830C9B7D1}
	EndGlobalSection
EndGlobal
